
Microsoft Visual Studio Solution File, Format Version 12.00
# Visual Studio 15
VisualStudioVersion = 15.0.28307.329
MinimumVisualStudioVersion = 10.0.40219.1
Project("{FAE04EC0-301F-11D3-BF4B-00C04F79EFBC}") = "ArenaFifa2.0.NET", "ArenaFifa2.0.NET\ArenaFifa2.0.NET.csproj", "{7E6E08D8-9F80-485D-A08D-CBF944521BE8}"
EndProject
Global
	GlobalSection(SolutionConfigurationPlatforms) = preSolution
		Debug|Any CPU = Debug|Any CPU
		Release|Any CPU = Release|Any CPU
	EndGlobalSection
	GlobalSection(ProjectConfigurationPlatforms) = postSolution
		{7E6E08D8-9F80-485D-A08D-CBF944521BE8}.Debug|Any CPU.ActiveCfg = Debug|Any CPU
		{7E6E08D8-9F80-485D-A08D-CBF944521BE8}.Debug|Any CPU.Build.0 = Debug|Any CPU
		{7E6E08D8-9F80-485D-A08D-CBF944521BE8}.Release|Any CPU.ActiveCfg = Release|Any CPU
		{7E6E08D8-9F80-485D-A08D-CBF944521BE8}.Release|Any CPU.Build.0 = Release|Any CPU
	EndGlobalSection
	GlobalSection(SolutionProperties) = preSolution
		HideSolutionNode = FALSE
	EndGlobalSection
	GlobalSection(ExtensibilityGlobals) = postSolution
		SolutionGuid = {FDD4E449-7E97-44E1-9885-9392BBAC7554}
	EndGlobalSection
EndGlobal
